// !$*UTF8*$!
{
	archiveVersion = 1;
	classes = {
	};
	objectVersion = 56;
	objects = {

/* Begin PBXBuildFile section */
		76025B772AD5CC8A0052BC59 /* MoviesModels.swift in Sources */ = {isa = PBXBuildFile; fileRef = 76025B762AD5CC8A0052BC59 /* MoviesModels.swift */; };
		76025B792AD5CCDF0052BC59 /* MoviesNetworkAPIService.swift in Sources */ = {isa = PBXBuildFile; fileRef = 76025B782AD5CCDF0052BC59 /* MoviesNetworkAPIService.swift */; };
		76025B7B2AD5CCFA0052BC59 /* MoviesRepositoryAPIService.swift in Sources */ = {isa = PBXBuildFile; fileRef = 76025B7A2AD5CCFA0052BC59 /* MoviesRepositoryAPIService.swift */; };
		76025B7D2AD5CDEB0052BC59 /* GetMoviesUseCase.swift in Sources */ = {isa = PBXBuildFile; fileRef = 76025B7C2AD5CDEB0052BC59 /* GetMoviesUseCase.swift */; };
		76025B7F2AD5CE300052BC59 /* MovieViewModel.swift in Sources */ = {isa = PBXBuildFile; fileRef = 76025B7E2AD5CE300052BC59 /* MovieViewModel.swift */; };
		76F81B9E2AD5C1420008885B /* examenMovilesApp.swift in Sources */ = {isa = PBXBuildFile; fileRef = 76F81B9D2AD5C1420008885B /* examenMovilesApp.swift */; };
		76F81BA02AD5C1420008885B /* ContentView.swift in Sources */ = {isa = PBXBuildFile; fileRef = 76F81B9F2AD5C1420008885B /* ContentView.swift */; };
		76F81BA22AD5C1420008885B /* Item.swift in Sources */ = {isa = PBXBuildFile; fileRef = 76F81BA12AD5C1420008885B /* Item.swift */; };
		76F81BA42AD5C1450008885B /* Assets.xcassets in Resources */ = {isa = PBXBuildFile; fileRef = 76F81BA32AD5C1450008885B /* Assets.xcassets */; };
		76F81BA82AD5C1450008885B /* Preview Assets.xcassets in Resources */ = {isa = PBXBuildFile; fileRef = 76F81BA72AD5C1450008885B /* Preview Assets.xcassets */; };
		76F81BB92AD5C2240008885B /* Alamofire in Frameworks */ = {isa = PBXBuildFile; productRef = 76F81BB82AD5C2240008885B /* Alamofire */; };
/* End PBXBuildFile section */

/* Begin PBXFileReference section */
		76025B762AD5CC8A0052BC59 /* MoviesModels.swift */ = {isa = PBXFileReference; lastKnownFileType = sourcecode.swift; path = MoviesModels.swift; sourceTree = "<group>"; };
		76025B782AD5CCDF0052BC59 /* MoviesNetworkAPIService.swift */ = {isa = PBXFileReference; lastKnownFileType = sourcecode.swift; path = MoviesNetworkAPIService.swift; sourceTree = "<group>"; };
		76025B7A2AD5CCFA0052BC59 /* MoviesRepositoryAPIService.swift */ = {isa = PBXFileReference; lastKnownFileType = sourcecode.swift; path = MoviesRepositoryAPIService.swift; sourceTree = "<group>"; };
		76025B7C2AD5CDEB0052BC59 /* GetMoviesUseCase.swift */ = {isa = PBXFileReference; lastKnownFileType = sourcecode.swift; path = GetMoviesUseCase.swift; sourceTree = "<group>"; };
		76025B7E2AD5CE300052BC59 /* MovieViewModel.swift */ = {isa = PBXFileReference; lastKnownFileType = sourcecode.swift; path = MovieViewModel.swift; sourceTree = "<group>"; };
		76F81B9A2AD5C1420008885B /* examenMoviles.app */ = {isa = PBXFileReference; explicitFileType = wrapper.application; includeInIndex = 0; path = examenMoviles.app; sourceTree = BUILT_PRODUCTS_DIR; };
		76F81B9D2AD5C1420008885B /* examenMovilesApp.swift */ = {isa = PBXFileReference; lastKnownFileType = sourcecode.swift; path = examenMovilesApp.swift; sourceTree = "<group>"; };
		76F81B9F2AD5C1420008885B /* ContentView.swift */ = {isa = PBXFileReference; lastKnownFileType = sourcecode.swift; path = ContentView.swift; sourceTree = "<group>"; };
		76F81BA12AD5C1420008885B /* Item.swift */ = {isa = PBXFileReference; lastKnownFileType = sourcecode.swift; path = Item.swift; sourceTree = "<group>"; };
		76F81BA32AD5C1450008885B /* Assets.xcassets */ = {isa = PBXFileReference; lastKnownFileType = folder.assetcatalog; path = Assets.xcassets; sourceTree = "<group>"; };
		76F81BA52AD5C1450008885B /* examenMoviles.entitlements */ = {isa = PBXFileReference; lastKnownFileType = text.plist.entitlements; path = examenMoviles.entitlements; sourceTree = "<group>"; };
		76F81BA72AD5C1450008885B /* Preview Assets.xcassets */ = {isa = PBXFileReference; lastKnownFileType = folder.assetcatalog; path = "Preview Assets.xcassets"; sourceTree = "<group>"; };
/* End PBXFileReference section */

/* Begin PBXFrameworksBuildPhase section */
		76F81B972AD5C1420008885B /* Frameworks */ = {
			isa = PBXFrameworksBuildPhase;
			buildActionMask = 2147483647;
			files = (
				76F81BB92AD5C2240008885B /* Alamofire in Frameworks */,
			);
			runOnlyForDeploymentPostprocessing = 0;
		};
/* End PBXFrameworksBuildPhase section */

/* Begin PBXGroup section */
		76F81B912AD5C1420008885B = {
			isa = PBXGroup;
			children = (
				76F81B9C2AD5C1420008885B /* examenMoviles */,
				76F81B9B2AD5C1420008885B /* Products */,
			);
			sourceTree = "<group>";
		};
		76F81B9B2AD5C1420008885B /* Products */ = {
			isa = PBXGroup;
			children = (
				76F81B9A2AD5C1420008885B /* examenMoviles.app */,
			);
			name = Products;
			sourceTree = "<group>";
		};
		76F81B9C2AD5C1420008885B /* examenMoviles */ = {
			isa = PBXGroup;
			children = (
				76F81BB02AD5C1730008885B /* Presentation */,
				76F81BAF2AD5C16A0008885B /* Domain */,
				76F81BAE2AD5C1620008885B /* Data */,
				76F81B9D2AD5C1420008885B /* examenMovilesApp.swift */,
				76F81BA12AD5C1420008885B /* Item.swift */,
				76F81BA32AD5C1450008885B /* Assets.xcassets */,
				76F81BA52AD5C1450008885B /* examenMoviles.entitlements */,
				76F81BA62AD5C1450008885B /* Preview Content */,
			);
			path = examenMoviles;
			sourceTree = "<group>";
		};
		76F81BA62AD5C1450008885B /* Preview Content */ = {
			isa = PBXGroup;
			children = (
				76F81BA72AD5C1450008885B /* Preview Assets.xcassets */,
			);
			path = "Preview Content";
			sourceTree = "<group>";
		};
		76F81BAE2AD5C1620008885B /* Data */ = {
			isa = PBXGroup;
			children = (
				76F81BB52AD5C1B90008885B /* Repository */,
				76F81BB42AD5C1B30008885B /* Network */,
				76F81BB32AD5C1AE0008885B /* Models */,
			);
			path = Data;
			sourceTree = "<group>";
		};
		76F81BAF2AD5C16A0008885B /* Domain */ = {
			isa = PBXGroup;
			children = (
				76F81BB62AD5C1CD0008885B /* UseCases */,
			);
			path = Domain;
			sourceTree = "<group>";
		};
		76F81BB02AD5C1730008885B /* Presentation */ = {
			isa = PBXGroup;
			children = (
				76F81BB22AD5C18E0008885B /* ViewModel */,
				76F81BB12AD5C1850008885B /* Views */,
			);
			path = Presentation;
			sourceTree = "<group>";
		};
		76F81BB12AD5C1850008885B /* Views */ = {
			isa = PBXGroup;
			children = (
				76F81B9F2AD5C1420008885B /* ContentView.swift */,
			);
			path = Views;
			sourceTree = "<group>";
		};
		76F81BB22AD5C18E0008885B /* ViewModel */ = {
			isa = PBXGroup;
			children = (
				76025B7E2AD5CE300052BC59 /* MovieViewModel.swift */,
			);
			path = ViewModel;
			sourceTree = "<group>";
		};
		76F81BB32AD5C1AE0008885B /* Models */ = {
			isa = PBXGroup;
			children = (
				76025B762AD5CC8A0052BC59 /* MoviesModels.swift */,
			);
			path = Models;
			sourceTree = "<group>";
		};
		76F81BB42AD5C1B30008885B /* Network */ = {
			isa = PBXGroup;
			children = (
				76025B782AD5CCDF0052BC59 /* MoviesNetworkAPIService.swift */,
			);
			path = Network;
			sourceTree = "<group>";
		};
		76F81BB52AD5C1B90008885B /* Repository */ = {
			isa = PBXGroup;
			children = (
				76025B7A2AD5CCFA0052BC59 /* MoviesRepositoryAPIService.swift */,
			);
			path = Repository;
			sourceTree = "<group>";
		};
		76F81BB62AD5C1CD0008885B /* UseCases */ = {
			isa = PBXGroup;
			children = (
				76025B7C2AD5CDEB0052BC59 /* GetMoviesUseCase.swift */,
			);
			path = UseCases;
			sourceTree = "<group>";
		};
/* End PBXGroup section */

/* Begin PBXNativeTarget section */
		76F81B992AD5C1420008885B /* examenMoviles */ = {
			isa = PBXNativeTarget;
			buildConfigurationList = 76F81BAB2AD5C1450008885B /* Build configuration list for PBXNativeTarget "examenMoviles" */;
			buildPhases = (
				76F81B962AD5C1420008885B /* Sources */,
				76F81B972AD5C1420008885B /* Frameworks */,
				76F81B982AD5C1420008885B /* Resources */,
			);
			buildRules = (
			);
			dependencies = (
			);
			name = examenMoviles;
			packageProductDependencies = (
				76F81BB82AD5C2240008885B /* Alamofire */,
			);
			productName = examenMoviles;
			productReference = 76F81B9A2AD5C1420008885B /* examenMoviles.app */;
			productType = "com.apple.product-type.application";
		};
/* End PBXNativeTarget section */

/* Begin PBXProject section */
		76F81B922AD5C1420008885B /* Project object */ = {
			isa = PBXProject;
			attributes = {
				BuildIndependentTargetsInParallel = 1;
				LastSwiftUpdateCheck = 1500;
				LastUpgradeCheck = 1500;
				TargetAttributes = {
					76F81B992AD5C1420008885B = {
						CreatedOnToolsVersion = 15.0;
					};
				};
			};
			buildConfigurationList = 76F81B952AD5C1420008885B /* Build configuration list for PBXProject "examenMoviles" */;
			compatibilityVersion = "Xcode 14.0";
			developmentRegion = en;
			hasScannedForEncodings = 0;
			knownRegions = (
				en,
				Base,
			);
			mainGroup = 76F81B912AD5C1420008885B;
			packageReferences = (
				76F81BB72AD5C2240008885B /* XCRemoteSwiftPackageReference "Alamofire" */,
			);
			productRefGroup = 76F81B9B2AD5C1420008885B /* Products */;
			projectDirPath = "";
			projectRoot = "";
			targets = (
				76F81B992AD5C1420008885B /* examenMoviles */,
			);
		};
/* End PBXProject section */

/* Begin PBXResourcesBuildPhase section */
		76F81B982AD5C1420008885B /* Resources */ = {
			isa = PBXResourcesBuildPhase;
			buildActionMask = 2147483647;
			files = (
				76F81BA82AD5C1450008885B /* Preview Assets.xcassets in Resources */,
				76F81BA42AD5C1450008885B /* Assets.xcassets in Resources */,
			);
			runOnlyForDeploymentPostprocessing = 0;
		};
/* End PBXResourcesBuildPhase section */

/* Begin PBXSourcesBuildPhase section */
		76F81B962AD5C1420008885B /* Sources */ = {
			isa = PBXSourcesBuildPhase;
			buildActionMask = 2147483647;
			files = (
				76025B772AD5CC8A0052BC59 /* MoviesModels.swift in Sources */,
				76F81BA02AD5C1420008885B /* ContentView.swift in Sources */,
				76025B792AD5CCDF0052BC59 /* MoviesNetworkAPIService.swift in Sources */,
				76025B7F2AD5CE300052BC59 /* MovieViewModel.swift in Sources */,
				76F81BA22AD5C1420008885B /* Item.swift in Sources */,
				76025B7D2AD5CDEB0052BC59 /* GetMoviesUseCase.swift in Sources */,
				76025B7B2AD5CCFA0052BC59 /* MoviesRepositoryAPIService.swift in Sources */,
				76F81B9E2AD5C1420008885B /* examenMovilesApp.swift in Sources */,
			);
			runOnlyForDeploymentPostprocessing = 0;
		};
/* End PBXSourcesBuildPhase section */

/* Begin XCBuildConfiguration section */
		76F81BA92AD5C1450008885B /* Debug */ = {
			isa = XCBuildConfiguration;
			buildSettings = {
				ALWAYS_SEARCH_USER_PATHS = NO;
				ASSETCATALOG_COMPILER_GENERATE_SWIFT_ASSET_SYMBOL_EXTENSIONS = YES;
				CLANG_ANALYZER_NONNULL = YES;
				CLANG_ANALYZER_NUMBER_OBJECT_CONVERSION = YES_AGGRESSIVE;
				CLANG_CXX_LANGUAGE_STANDARD = "gnu++20";
				CLANG_ENABLE_MODULES = YES;
				CLANG_ENABLE_OBJC_ARC = YES;
				CLANG_ENABLE_OBJC_WEAK = YES;
				CLANG_WARN_BLOCK_CAPTURE_AUTORELEASING = YES;
				CLANG_WARN_BOOL_CONVERSION = YES;
				CLANG_WARN_COMMA = YES;
				CLANG_WARN_CONSTANT_CONVERSION = YES;
				CLANG_WARN_DEPRECATED_OBJC_IMPLEMENTATIONS = YES;
				CLANG_WARN_DIRECT_OBJC_ISA_USAGE = YES_ERROR;
				CLANG_WARN_DOCUMENTATION_COMMENTS = YES;
				CLANG_WARN_EMPTY_BODY = YES;
				CLANG_WARN_ENUM_CONVERSION = YES;
				CLANG_WARN_INFINITE_RECURSION = YES;
				CLANG_WARN_INT_CONVERSION = YES;
				CLANG_WARN_NON_LITERAL_NULL_CONVERSION = YES;
				CLANG_WARN_OBJC_IMPLICIT_RETAIN_SELF = YES;
				CLANG_WARN_OBJC_LITERAL_CONVERSION = YES;
				CLANG_WARN_OBJC_ROOT_CLASS = YES_ERROR;
				CLANG_WARN_QUOTED_INCLUDE_IN_FRAMEWORK_HEADER = YES;
				CLANG_WARN_RANGE_LOOP_ANALYSIS = YES;
				CLANG_WARN_STRICT_PROTOTYPES = YES;
				CLANG_WARN_SUSPICIOUS_MOVE = YES;
				CLANG_WARN_UNGUARDED_AVAILABILITY = YES_AGGRESSIVE;
				CLANG_WARN_UNREACHABLE_CODE = YES;
				CLANG_WARN__DUPLICATE_METHOD_MATCH = YES;
				COPY_PHASE_STRIP = NO;
				DEBUG_INFORMATION_FORMAT = dwarf;
				ENABLE_STRICT_OBJC_MSGSEND = YES;
				ENABLE_TESTABILITY = YES;
				ENABLE_USER_SCRIPT_SANDBOXING = YES;
				GCC_C_LANGUAGE_STANDARD = gnu17;
				GCC_DYNAMIC_NO_PIC = NO;
				GCC_NO_COMMON_BLOCKS = YES;
				GCC_OPTIMIZATION_LEVEL = 0;
				GCC_PREPROCESSOR_DEFINITIONS = (
					"DEBUG=1",
					"$(inherited)",
				);
				GCC_WARN_64_TO_32_BIT_CONVERSION = YES;
				GCC_WARN_ABOUT_RETURN_TYPE = YES_ERROR;
				GCC_WARN_UNDECLARED_SELECTOR = YES;
				GCC_WARN_UNINITIALIZED_AUTOS = YES_AGGRESSIVE;
				GCC_WARN_UNUSED_FUNCTION = YES;
				GCC_WARN_UNUSED_VARIABLE = YES;
				LOCALIZATION_PREFERS_STRING_CATALOGS = YES;
				MTL_ENABLE_DEBUG_INFO = INCLUDE_SOURCE;
				MTL_FAST_MATH = YES;
				ONLY_ACTIVE_ARCH = YES;
				SWIFT_ACTIVE_COMPILATION_CONDITIONS = "DEBUG $(inherited)";
				SWIFT_OPTIMIZATION_LEVEL = "-Onone";
			};
			name = Debug;
		};
		76F81BAA2AD5C1450008885B /* Release */ = {
			isa = XCBuildConfiguration;
			buildSettings = {
				ALWAYS_SEARCH_USER_PATHS = NO;
				ASSETCATALOG_COMPILER_GENERATE_SWIFT_ASSET_SYMBOL_EXTENSIONS = YES;
				CLANG_ANALYZER_NONNULL = YES;
				CLANG_ANALYZER_NUMBER_OBJECT_CONVERSION = YES_AGGRESSIVE;
				CLANG_CXX_LANGUAGE_STANDARD = "gnu++20";
				CLANG_ENABLE_MODULES = YES;
				CLANG_ENABLE_OBJC_ARC = YES;
				CLANG_ENABLE_OBJC_WEAK = YES;
				CLANG_WARN_BLOCK_CAPTURE_AUTORELEASING = YES;
				CLANG_WARN_BOOL_CONVERSION = YES;
				CLANG_WARN_COMMA = YES;
				CLANG_WARN_CONSTANT_CONVERSION = YES;
				CLANG_WARN_DEPRECATED_OBJC_IMPLEMENTATIONS = YES;
				CLANG_WARN_DIRECT_OBJC_ISA_USAGE = YES_ERROR;
				CLANG_WARN_DOCUMENTATION_COMMENTS = YES;
				CLANG_WARN_EMPTY_BODY = YES;
				CLANG_WARN_ENUM_CONVERSION = YES;
				CLANG_WARN_INFINITE_RECURSION = YES;
				CLANG_WARN_INT_CONVERSION = YES;
				CLANG_WARN_NON_LITERAL_NULL_CONVERSION = YES;
				CLANG_WARN_OBJC_IMPLICIT_RETAIN_SELF = YES;
				CLANG_WARN_OBJC_LITERAL_CONVERSION = YES;
				CLANG_WARN_OBJC_ROOT_CLASS = YES_ERROR;
				CLANG_WARN_QUOTED_INCLUDE_IN_FRAMEWORK_HEADER = YES;
				CLANG_WARN_RANGE_LOOP_ANALYSIS = YES;
				CLANG_WARN_STRICT_PROTOTYPES = YES;
				CLANG_WARN_SUSPICIOUS_MOVE = YES;
				CLANG_WARN_UNGUARDED_AVAILABILITY = YES_AGGRESSIVE;
				CLANG_WARN_UNREACHABLE_CODE = YES;
				CLANG_WARN__DUPLICATE_METHOD_MATCH = YES;
				COPY_PHASE_STRIP = NO;
				DEBUG_INFORMATION_FORMAT = "dwarf-with-dsym";
				ENABLE_NS_ASSERTIONS = NO;
				ENABLE_STRICT_OBJC_MSGSEND = YES;
				ENABLE_USER_SCRIPT_SANDBOXING = YES;
				GCC_C_LANGUAGE_STANDARD = gnu17;
				GCC_NO_COMMON_BLOCKS = YES;
				GCC_WARN_64_TO_32_BIT_CONVERSION = YES;
				GCC_WARN_ABOUT_RETURN_TYPE = YES_ERROR;
				GCC_WARN_UNDECLARED_SELECTOR = YES;
				GCC_WARN_UNINITIALIZED_AUTOS = YES_AGGRESSIVE;
				GCC_WARN_UNUSED_FUNCTION = YES;
				GCC_WARN_UNUSED_VARIABLE = YES;
				LOCALIZATION_PREFERS_STRING_CATALOGS = YES;
				MTL_ENABLE_DEBUG_INFO = NO;
				MTL_FAST_MATH = YES;
				SWIFT_COMPILATION_MODE = wholemodule;
			};
			name = Release;
		};
		76F81BAC2AD5C1450008885B /* Debug */ = {
			isa = XCBuildConfiguration;
			buildSettings = {
				ASSETCATALOG_COMPILER_APPICON_NAME = AppIcon;
				ASSETCATALOG_COMPILER_GLOBAL_ACCENT_COLOR_NAME = AccentColor;
				CODE_SIGN_ENTITLEMENTS = examenMoviles/examenMoviles.entitlements;
				CODE_SIGN_STYLE = Automatic;
				CURRENT_PROJECT_VERSION = 1;
				DEVELOPMENT_ASSET_PATHS = "\"examenMoviles/Preview Content\"";
				DEVELOPMENT_TEAM = 82Z2SQDMD8;
				ENABLE_HARDENED_RUNTIME = YES;
				ENABLE_PREVIEWS = YES;
				GENERATE_INFOPLIST_FILE = YES;
				"INFOPLIST_KEY_UIApplicationSceneManifest_Generation[sdk=iphoneos*]" = YES;
				"INFOPLIST_KEY_UIApplicationSceneManifest_Generation[sdk=iphonesimulator*]" = YES;
				"INFOPLIST_KEY_UIApplicationSupportsIndirectInputEvents[sdk=iphoneos*]" = YES;
				"INFOPLIST_KEY_UIApplicationSupportsIndirectInputEvents[sdk=iphonesimulator*]" = YES;
				"INFOPLIST_KEY_UILaunchScreen_Generation[sdk=iphoneos*]" = YES;
				"INFOPLIST_KEY_UILaunchScreen_Generation[sdk=iphonesimulator*]" = YES;
				"INFOPLIST_KEY_UIStatusBarStyle[sdk=iphoneos*]" = UIStatusBarStyleDefault;
				"INFOPLIST_KEY_UIStatusBarStyle[sdk=iphonesimulator*]" = UIStatusBarStyleDefault;
				INFOPLIST_KEY_UISupportedInterfaceOrientations_iPad = "UIInterfaceOrientationPortrait UIInterfaceOrientationPortraitUpsideDown UIInterfaceOrientationLandscapeLeft UIInterfaceOrientationLandscapeRight";
				INFOPLIST_KEY_UISupportedInterfaceOrientations_iPhone = "UIInterfaceOrientationPortrait UIInterfaceOrientationLandscapeLeft UIInterfaceOrientationLandscapeRight";
				IPHONEOS_DEPLOYMENT_TARGET = 17.0;
				LD_RUNPATH_SEARCH_PATHS = "@executable_path/Frameworks";
				"LD_RUNPATH_SEARCH_PATHS[sdk=macosx*]" = "@executable_path/../Frameworks";
				MACOSX_DEPLOYMENT_TARGET = 14.0;
				MARKETING_VERSION = 1.0;
				PRODUCT_BUNDLE_IDENTIFIER = examen.examenMoviles;
				PRODUCT_NAME = "$(TARGET_NAME)";
				SDKROOT = auto;
				SUPPORTED_PLATFORMS = "iphoneos iphonesimulator macosx";
				SWIFT_EMIT_LOC_STRINGS = YES;
				SWIFT_VERSION = 5.0;
				TARGETED_DEVICE_FAMILY = "1,2";
			};
			name = Debug;
		};
		76F81BAD2AD5C1450008885B /* Release */ = {
			isa = XCBuildConfiguration;
			buildSettings = {
				ASSETCATALOG_COMPILER_APPICON_NAME = AppIcon;
				ASSETCATALOG_COMPILER_GLOBAL_ACCENT_COLOR_NAME = AccentColor;
				CODE_SIGN_ENTITLEMENTS = examenMoviles/examenMoviles.entitlements;
				CODE_SIGN_STYLE = Automatic;
				CURRENT_PROJECT_VERSION = 1;
				DEVELOPMENT_ASSET_PATHS = "\"examenMoviles/Preview Content\"";
				DEVELOPMENT_TEAM = 82Z2SQDMD8;
				ENABLE_HARDENED_RUNTIME = YES;
				ENABLE_PREVIEWS = YES;
				GENERATE_INFOPLIST_FILE = YES;
				"INFOPLIST_KEY_UIApplicationSceneManifest_Generation[sdk=iphoneos*]" = YES;
				"INFOPLIST_KEY_UIApplicationSceneManifest_Generation[sdk=iphonesimulator*]" = YES;
				"INFOPLIST_KEY_UIApplicationSupportsIndirectInputEvents[sdk=iphoneos*]" = YES;
				"INFOPLIST_KEY_UIApplicationSupportsIndirectInputEvents[sdk=iphonesimulator*]" = YES;
				"INFOPLIST_KEY_UILaunchScreen_Generation[sdk=iphoneos*]" = YES;
				"INFOPLIST_KEY_UILaunchScreen_Generation[sdk=iphonesimulator*]" = YES;
				"INFOPLIST_KEY_UIStatusBarStyle[sdk=iphoneos*]" = UIStatusBarStyleDefault;
				"INFOPLIST_KEY_UIStatusBarStyle[sdk=iphonesimulator*]" = UIStatusBarStyleDefault;
				INFOPLIST_KEY_UISupportedInterfaceOrientations_iPad = "UIInterfaceOrientationPortrait UIInterfaceOrientationPortraitUpsideDown UIInterfaceOrientationLandscapeLeft UIInterfaceOrientationLandscapeRight";
				INFOPLIST_KEY_UISupportedInterfaceOrientations_iPhone = "UIInterfaceOrientationPortrait UIInterfaceOrientationLandscapeLeft UIInterfaceOrientationLandscapeRight";
				IPHONEOS_DEPLOYMENT_TARGET = 17.0;
				LD_RUNPATH_SEARCH_PATHS = "@executable_path/Frameworks";
				"LD_RUNPATH_SEARCH_PATHS[sdk=macosx*]" = "@executable_path/../Frameworks";
				MACOSX_DEPLOYMENT_TARGET = 14.0;
				MARKETING_VERSION = 1.0;
				PRODUCT_BUNDLE_IDENTIFIER = examen.examenMoviles;
				PRODUCT_NAME = "$(TARGET_NAME)";
				SDKROOT = auto;
				SUPPORTED_PLATFORMS = "iphoneos iphonesimulator macosx";
				SWIFT_EMIT_LOC_STRINGS = YES;
				SWIFT_VERSION = 5.0;
				TARGETED_DEVICE_FAMILY = "1,2";
			};
			name = Release;
		};
/* End XCBuildConfiguration section */

/* Begin XCConfigurationList section */
		76F81B952AD5C1420008885B /* Build configuration list for PBXProject "examenMoviles" */ = {
			isa = XCConfigurationList;
			buildConfigurations = (
				76F81BA92AD5C1450008885B /* Debug */,
				76F81BAA2AD5C1450008885B /* Release */,
			);
			defaultConfigurationIsVisible = 0;
			defaultConfigurationName = Release;
		};
		76F81BAB2AD5C1450008885B /* Build configuration list for PBXNativeTarget "examenMoviles" */ = {
			isa = XCConfigurationList;
			buildConfigurations = (
				76F81BAC2AD5C1450008885B /* Debug */,
				76F81BAD2AD5C1450008885B /* Release */,
			);
			defaultConfigurationIsVisible = 0;
			defaultConfigurationName = Release;
		};
/* End XCConfigurationList section */

/* Begin XCRemoteSwiftPackageReference section */
		76F81BB72AD5C2240008885B /* XCRemoteSwiftPackageReference "Alamofire" */ = {
			isa = XCRemoteSwiftPackageReference;
			repositoryURL = "https://github.com/Alamofire/Alamofire.git";
			requirement = {
				kind = upToNextMajorVersion;
				minimumVersion = 5.8.0;
			};
		};
/* End XCRemoteSwiftPackageReference section */

/* Begin XCSwiftPackageProductDependency section */
		76F81BB82AD5C2240008885B /* Alamofire */ = {
			isa = XCSwiftPackageProductDependency;
			package = 76F81BB72AD5C2240008885B /* XCRemoteSwiftPackageReference "Alamofire" */;
			productName = Alamofire;
		};
/* End XCSwiftPackageProductDependency section */
	};
	rootObject = 76F81B922AD5C1420008885B /* Project object */;
}
